
Microsoft Visual Studio Solution File, Format Version 12.00
# Visual Studio Version 16
VisualStudioVersion = 16.0.31911.196
MinimumVisualStudioVersion = 10.0.40219.1
Project("{FAE04EC0-301F-11D3-BF4B-00C04F79EFBC}") = "Bosca_Dana_Music", "Bosca_Dana_Music.csproj", "{E15B2DE9-FC90-45C5-A991-83366FDD97C1}"
EndProject
Global
	GlobalSection(SolutionConfigurationPlatforms) = preSolution
		Debug|Any CPU = Debug|Any CPU
		Release|Any CPU = Release|Any CPU
	EndGlobalSection
	GlobalSection(ProjectConfigurationPlatforms) = postSolution
		{E15B2DE9-FC90-45C5-A991-83366FDD97C1}.Debug|Any CPU.ActiveCfg = Debug|Any CPU
		{E15B2DE9-FC90-45C5-A991-83366FDD97C1}.Debug|Any CPU.Build.0 = Debug|Any CPU
		{E15B2DE9-FC90-45C5-A991-83366FDD97C1}.Release|Any CPU.ActiveCfg = Release|Any CPU
		{E15B2DE9-FC90-45C5-A991-83366FDD97C1}.Release|Any CPU.Build.0 = Release|Any CPU
	EndGlobalSection
	GlobalSection(SolutionProperties) = preSolution
		HideSolutionNode = FALSE
	EndGlobalSection
	GlobalSection(ExtensibilityGlobals) = postSolution
		SolutionGuid = {19DC2D70-8891-4499-A52E-162D8734D1CB}
	EndGlobalSection
EndGlobal
